<?xml version="1.0" encoding="utf-8"?>
<Project ToolsVersion="4.0" xmlns="http://schemas.microsoft.com/developer/msbuild/2003">
  <ItemGroup>
    <Filter Include="Source Files">
      <UniqueIdentifier>{4FC737F1-C7A5-4376-A066-2A32D752A2FF}</UniqueIdentifier>
      <Extensions>qml;cpp;c;cc;cxx;def;odl;idl;hpj;bat;asm;asmx</Extensions>
    </Filter>
    <Filter Include="Header Files">
      <UniqueIdentifier>{93995380-89BD-4b04-88EB-625FBE52EBFB}</UniqueIdentifier>
      <Extensions>h;hh;hpp;hxx;hm;inl;inc;xsd</Extensions>
    </Filter>
    <Filter Include="Resource Files">
      <UniqueIdentifier>{67DA6AB6-F800-4c08-8B7A-83BB121AAD01}</UniqueIdentifier>
      <Extensions>qrc;rc;ico;cur;bmp;dlg;rc2;rct;bin;rgs;gif;jpg;jpeg;jpe;resx;tiff;tif;png;wav;mfcribbon-ms</Extensions>
    </Filter>
    <Filter Include="Form Files">
      <UniqueIdentifier>{99349809-55BA-4b9d-BF79-8FDBB0286EB3}</UniqueIdentifier>
      <Extensions>ui</Extensions>
    </Filter>
    <Filter Include="Translation Files">
      <UniqueIdentifier>{639EADAA-A684-42e4-A9AD-28FC9BCB8F7C}</UniqueIdentifier>
      <Extensions>ts</Extensions>
    </Filter>
    <Filter Include="widgets">
      <UniqueIdentifier>{ca96b0ad-2a51-4f59-88ea-9b06172b9f19}</UniqueIdentifier>
    </Filter>
  </ItemGroup>
  <ItemGroup>
    <ClCompile Include="mainwindow.cpp">
      <Filter>Source Files</Filter>
    </ClCompile>
    <ClCompile Include="main.cpp">
      <Filter>Source Files</Filter>
    </ClCompile>
    <ClCompile Include="IESLoader.cpp">
      <Filter>Source Files</Filter>
    </ClCompile>
    <ClCompile Include="isoluxdialog.cpp">
      <Filter>Source Files</Filter>
    </ClCompile>
    <ClCompile Include="polardialog.cpp">
      <Filter>Source Files</Filter>
    </ClCompile>
    <ClCompile Include="threeDdialog.cpp">
      <Filter>Source Files</Filter>
    </ClCompile>
    <ClCompile Include="IESIsoWidget.cpp">
      <Filter>widgets</Filter>
    </ClCompile>
    <ClCompile Include="contours.cpp">
      <Filter>widgets</Filter>
    </ClCompile>
    <ClCompile Include="TableItemDelegate.cpp">
      <Filter>Source Files</Filter>
    </ClCompile>
    <ClCompile Include="FieldViewWidget.cpp">
      <Filter>Source Files</Filter>
    </ClCompile>
    <ClCompile Include="MTFViewWidget.cpp">
      <Filter>Source Files</Filter>
    </ClCompile>
    <ClCompile Include="FootprintWidget.cpp">
      <Filter>Source Files</Filter>
    </ClCompile>
    <ClCompile Include="newfiledialog.cpp">
      <Filter>Source Files</Filter>
    </ClCompile>
    <ClCompile Include="IESCartesianWidget.cpp">
      <Filter>widgets</Filter>
    </ClCompile>
    <ClCompile Include="DistortionWidget.cpp">
      <Filter>Source Files</Filter>
    </ClCompile>
    <ClCompile Include="AberrationWidget.cpp">
      <Filter>Source Files</Filter>
    </ClCompile>
    <ClCompile Include="IESPolarWidget.cpp">
      <Filter>widgets</Filter>
    </ClCompile>
    <ClCompile Include="SpotDiagramWidget.cpp">
      <Filter>Source Files</Filter>
    </ClCompile>
  </ItemGroup>
  <ItemGroup>
    <ClInclude Include="tiny_ies.hpp">
      <Filter>Header Files</Filter>
    </ClInclude>
    <ClInclude Include="IESLoader.h">
      <Filter>Header Files</Filter>
    </ClInclude>
    <ClInclude Include="contours.h">
      <Filter>widgets</Filter>
    </ClInclude>
    <ClInclude Include="common.h">
      <Filter>Header Files</Filter>
    </ClInclude>
  </ItemGroup>
  <ItemGroup>
    <QtMoc Include="mainwindow.h">
      <Filter>Header Files</Filter>
    </QtMoc>
    <QtMoc Include="isoluxdialog.h">
      <Filter>Header Files</Filter>
    </QtMoc>
    <QtMoc Include="polardialog.h">
      <Filter>Header Files</Filter>
    </QtMoc>
    <QtMoc Include="threeDdialog.h">
      <Filter>Header Files</Filter>
    </QtMoc>
    <QtMoc Include="IESPolarWidget.h">
      <Filter>widgets</Filter>
    </QtMoc>
    <QtMoc Include="TableItemDelegate.h">
      <Filter>Header Files</Filter>
    </QtMoc>
    <QtMoc Include="FieldViewWidget.h">
      <Filter>Header Files</Filter>
    </QtMoc>
    <QtMoc Include="FootprintWidget.h">
      <Filter>Header Files</Filter>
    </QtMoc>
    <QtMoc Include="newfiledialog.h">
      <Filter>Header Files</Filter>
    </QtMoc>
    <QtMoc Include="AberrationWidget.h">
      <Filter>Header Files</Filter>
    </QtMoc>
    <QtMoc Include="DistortionWidget.h">
      <Filter>Header Files</Filter>
    </QtMoc>
    <QtMoc Include="MTFViewWidget.h">
      <Filter>Header Files</Filter>
    </QtMoc>
    <QtMoc Include="IESCartesianWidget.h">
      <Filter>widgets</Filter>
    </QtMoc>
    <QtMoc Include="IESIsoWidget.h">
      <Filter>widgets</Filter>
    </QtMoc>
    <QtMoc Include="SpotDiagramWidget.h">
      <Filter>Header Files</Filter>
    </QtMoc>
  </ItemGroup>
  <ItemGroup>
    <QtRcc Include="res.qrc">
      <Filter>Resource Files</Filter>
    </QtRcc>
    <QtRcc Include="resources\qss\dark_style_sheet\qdarkstyle\style.qrc">
      <Filter>Resource Files</Filter>
    </QtRcc>
    <QtRcc Include="resources\qss\light_style_sheet\qlightstyle\lightstyle.qrc">
      <Filter>Resource Files</Filter>
    </QtRcc>
  </ItemGroup>
  <ItemGroup>
    <QtUic Include="mainwindow.ui">
      <Filter>Form Files</Filter>
    </QtUic>
    <QtUic Include="isoluxdialog.ui">
      <Filter>Form Files</Filter>
    </QtUic>
    <QtUic Include="polardialog.ui">
      <Filter>Form Files</Filter>
    </QtUic>
    <QtUic Include="threeddialog.ui">
      <Filter>Form Files</Filter>
    </QtUic>
    <QtUic Include="newfile.ui">
      <Filter>Form Files</Filter>
    </QtUic>
  </ItemGroup>
</Project>